
Microsoft Visual Studio Solution File, Format Version 12.00
# Visual Studio Version 17
VisualStudioVersion = 17.7.34221.43
MinimumVisualStudioVersion = 10.0.40219.1
Project("{FAE04EC0-301F-11D3-BF4B-00C04F79EFBC}") = "program_1.4", "program_1.4\program_1.4.csproj", "{AF1ED5E8-9ADF-437E-8381-11F7D6A887AB}"
EndProject
Global
	GlobalSection(SolutionConfigurationPlatforms) = preSolution
		Debug|Any CPU = Debug|Any CPU
		Release|Any CPU = Release|Any CPU
	EndGlobalSection
	GlobalSection(ProjectConfigurationPlatforms) = postSolution
		{AF1ED5E8-9ADF-437E-8381-11F7D6A887AB}.Debug|Any CPU.ActiveCfg = Debug|Any CPU
		{AF1ED5E8-9ADF-437E-8381-11F7D6A887AB}.Debug|Any CPU.Build.0 = Debug|Any CPU
		{AF1ED5E8-9ADF-437E-8381-11F7D6A887AB}.Release|Any CPU.ActiveCfg = Release|Any CPU
		{AF1ED5E8-9ADF-437E-8381-11F7D6A887AB}.Release|Any CPU.Build.0 = Release|Any CPU
	EndGlobalSection
	GlobalSection(SolutionProperties) = preSolution
		HideSolutionNode = FALSE
	EndGlobalSection
	GlobalSection(ExtensibilityGlobals) = postSolution
		SolutionGuid = {CAC03BB1-50A9-43E8-BC32-F11A9029EFA6}
	EndGlobalSection
EndGlobal
