
Microsoft Visual Studio Solution File, Format Version 12.00
# Visual Studio Version 17
VisualStudioVersion = 17.7.34221.43
MinimumVisualStudioVersion = 10.0.40219.1
Project("{FAE04EC0-301F-11D3-BF4B-00C04F79EFBC}") = "program_1.7", "program_1.7\program_1.7.csproj", "{AE4A4E02-46AB-494C-BF89-87D908CA2EB6}"
EndProject
Global
	GlobalSection(SolutionConfigurationPlatforms) = preSolution
		Debug|Any CPU = Debug|Any CPU
		Release|Any CPU = Release|Any CPU
	EndGlobalSection
	GlobalSection(ProjectConfigurationPlatforms) = postSolution
		{AE4A4E02-46AB-494C-BF89-87D908CA2EB6}.Debug|Any CPU.ActiveCfg = Debug|Any CPU
		{AE4A4E02-46AB-494C-BF89-87D908CA2EB6}.Debug|Any CPU.Build.0 = Debug|Any CPU
		{AE4A4E02-46AB-494C-BF89-87D908CA2EB6}.Release|Any CPU.ActiveCfg = Release|Any CPU
		{AE4A4E02-46AB-494C-BF89-87D908CA2EB6}.Release|Any CPU.Build.0 = Release|Any CPU
	EndGlobalSection
	GlobalSection(SolutionProperties) = preSolution
		HideSolutionNode = FALSE
	EndGlobalSection
	GlobalSection(ExtensibilityGlobals) = postSolution
		SolutionGuid = {01898039-9A11-4EB9-A52A-8C69B37F7C68}
	EndGlobalSection
EndGlobal
